
Microsoft Visual Studio Solution File, Format Version 12.00
# Visual Studio Version 17
VisualStudioVersion = 17.2.32519.379
MinimumVisualStudioVersion = 10.0.40219.1
Project("{9A19103F-16F7-4668-BE54-9A1E7A4F7556}") = "InMemoryTrans", "InMemoryTrans\InMemoryTrans.csproj", "{2FEC9FE3-A064-4ABB-834A-31218ED196D7}"
EndProject
Project("{2150E333-8FDC-42A3-9474-1A3956D46DE8}") = "Solution Items", "Solution Items", "{31D9ED16-DC59-4E5E-980D-F576B2249D4A}"
	ProjectSection(SolutionItems) = preProject
		.editorconfig = .editorconfig
	EndProjectSection
EndProject
Global
	GlobalSection(SolutionConfigurationPlatforms) = preSolution
		Debug|Any CPU = Debug|Any CPU
		Release|Any CPU = Release|Any CPU
	EndGlobalSection
	GlobalSection(ProjectConfigurationPlatforms) = postSolution
		{2FEC9FE3-A064-4ABB-834A-31218ED196D7}.Debug|Any CPU.ActiveCfg = Debug|Any CPU
		{2FEC9FE3-A064-4ABB-834A-31218ED196D7}.Debug|Any CPU.Build.0 = Debug|Any CPU
		{2FEC9FE3-A064-4ABB-834A-31218ED196D7}.Release|Any CPU.ActiveCfg = Release|Any CPU
		{2FEC9FE3-A064-4ABB-834A-31218ED196D7}.Release|Any CPU.Build.0 = Release|Any CPU
	EndGlobalSection
	GlobalSection(SolutionProperties) = preSolution
		HideSolutionNode = FALSE
	EndGlobalSection
	GlobalSection(ExtensibilityGlobals) = postSolution
		SolutionGuid = {A611A8FA-1EC7-4DC2-A25A-A026F2711ED0}
	EndGlobalSection
EndGlobal
